// !$*UTF8*$!
{
	archiveVersion = 1;
	classes = {
	};
	objectVersion = 56;
	objects = {

/* Begin PBXBuildFile section */
		DF638C1B2B28722400A07E43 /* AppDelegate.swift in Sources */ = {isa = PBXBuildFile; fileRef = DF638C1A2B28722400A07E43 /* AppDelegate.swift */; };
		DF638C1D2B28722400A07E43 /* SceneDelegate.swift in Sources */ = {isa = PBXBuildFile; fileRef = DF638C1C2B28722400A07E43 /* SceneDelegate.swift */; };
		DF638C1F2B28722400A07E43 /* WidgetBackgroundVC.swift in Sources */ = {isa = PBXBuildFile; fileRef = DF638C1E2B28722400A07E43 /* WidgetBackgroundVC.swift */; };
		DF638C222B28722400A07E43 /* Main.storyboard in Resources */ = {isa = PBXBuildFile; fileRef = DF638C202B28722400A07E43 /* Main.storyboard */; };
		DF638C252B28722400A07E43 /* Goat_Weather.xcdatamodeld in Sources */ = {isa = PBXBuildFile; fileRef = DF638C232B28722400A07E43 /* Goat_Weather.xcdatamodeld */; };
		DF638C272B28722600A07E43 /* Assets.xcassets in Resources */ = {isa = PBXBuildFile; fileRef = DF638C262B28722600A07E43 /* Assets.xcassets */; };
		DF638C2A2B28722600A07E43 /* LaunchScreen.storyboard in Resources */ = {isa = PBXBuildFile; fileRef = DF638C282B28722600A07E43 /* LaunchScreen.storyboard */; };
		DF74EDD62B2B59B400414130 /* WidgetCollectionViewCell.swift in Sources */ = {isa = PBXBuildFile; fileRef = DF74EDD52B2B59B400414130 /* WidgetCollectionViewCell.swift */; };
		DF74EDD82B2B5AC300414130 /* CustomCollectionViewLayout.swift in Sources */ = {isa = PBXBuildFile; fileRef = DF74EDD72B2B5AC300414130 /* CustomCollectionViewLayout.swift */; };
		DF9262722B287F3800879802 /* WidgetView.xib in Resources */ = {isa = PBXBuildFile; fileRef = DF9262712B287F3800879802 /* WidgetView.xib */; };
		DF9262742B287F4500879802 /* WidgetView.swift in Sources */ = {isa = PBXBuildFile; fileRef = DF9262732B287F4500879802 /* WidgetView.swift */; };
/* End PBXBuildFile section */

/* Begin PBXFileReference section */
		DF638C172B28722400A07E43 /* Goat-Weather.app */ = {isa = PBXFileReference; explicitFileType = wrapper.application; includeInIndex = 0; path = "Goat-Weather.app"; sourceTree = BUILT_PRODUCTS_DIR; };
		DF638C1A2B28722400A07E43 /* AppDelegate.swift */ = {isa = PBXFileReference; lastKnownFileType = sourcecode.swift; path = AppDelegate.swift; sourceTree = "<group>"; };
		DF638C1C2B28722400A07E43 /* SceneDelegate.swift */ = {isa = PBXFileReference; lastKnownFileType = sourcecode.swift; path = SceneDelegate.swift; sourceTree = "<group>"; };
		DF638C1E2B28722400A07E43 /* WidgetBackgroundVC.swift */ = {isa = PBXFileReference; lastKnownFileType = sourcecode.swift; path = WidgetBackgroundVC.swift; sourceTree = "<group>"; };
		DF638C212B28722400A07E43 /* Base */ = {isa = PBXFileReference; lastKnownFileType = file.storyboard; name = Base; path = Base.lproj/Main.storyboard; sourceTree = "<group>"; };
		DF638C242B28722400A07E43 /* Goat_Weather.xcdatamodel */ = {isa = PBXFileReference; lastKnownFileType = wrapper.xcdatamodel; path = Goat_Weather.xcdatamodel; sourceTree = "<group>"; };
		DF638C262B28722600A07E43 /* Assets.xcassets */ = {isa = PBXFileReference; lastKnownFileType = folder.assetcatalog; path = Assets.xcassets; sourceTree = "<group>"; };
		DF638C292B28722600A07E43 /* Base */ = {isa = PBXFileReference; lastKnownFileType = file.storyboard; name = Base; path = Base.lproj/LaunchScreen.storyboard; sourceTree = "<group>"; };
		DF638C2B2B28722600A07E43 /* Info.plist */ = {isa = PBXFileReference; lastKnownFileType = text.plist.xml; path = Info.plist; sourceTree = "<group>"; };
		DF74EDD52B2B59B400414130 /* WidgetCollectionViewCell.swift */ = {isa = PBXFileReference; lastKnownFileType = sourcecode.swift; path = WidgetCollectionViewCell.swift; sourceTree = "<group>"; };
		DF74EDD72B2B5AC300414130 /* CustomCollectionViewLayout.swift */ = {isa = PBXFileReference; lastKnownFileType = sourcecode.swift; path = CustomCollectionViewLayout.swift; sourceTree = "<group>"; };
		DF9262712B287F3800879802 /* WidgetView.xib */ = {isa = PBXFileReference; lastKnownFileType = file.xib; path = WidgetView.xib; sourceTree = "<group>"; };
		DF9262732B287F4500879802 /* WidgetView.swift */ = {isa = PBXFileReference; lastKnownFileType = sourcecode.swift; path = WidgetView.swift; sourceTree = "<group>"; };
/* End PBXFileReference section */

/* Begin PBXFrameworksBuildPhase section */
		DF638C142B28722400A07E43 /* Frameworks */ = {
			isa = PBXFrameworksBuildPhase;
			buildActionMask = 2147483647;
			files = (
			);
			runOnlyForDeploymentPostprocessing = 0;
		};
/* End PBXFrameworksBuildPhase section */

/* Begin PBXGroup section */
		DF638C0E2B28722400A07E43 = {
			isa = PBXGroup;
			children = (
				DF638C192B28722400A07E43 /* Goat-Weather */,
				DF638C182B28722400A07E43 /* Products */,
			);
			sourceTree = "<group>";
		};
		DF638C182B28722400A07E43 /* Products */ = {
			isa = PBXGroup;
			children = (
				DF638C172B28722400A07E43 /* Goat-Weather.app */,
			);
			name = Products;
			sourceTree = "<group>";
		};
		DF638C192B28722400A07E43 /* Goat-Weather */ = {
			isa = PBXGroup;
			children = (
				DF74EDDD2B2B6CAE00414130 /* Services */,
				DF74EDDB2B2B68DF00414130 /* WidgetBackground */,
				DF74EDDA2B2B68CA00414130 /* Resources */,
				DF74EDD92B2B68C400414130 /* iOS */,
			);
			path = "Goat-Weather";
			sourceTree = "<group>";
		};
		DF74EDD92B2B68C400414130 /* iOS */ = {
			isa = PBXGroup;
			children = (
				DF638C1A2B28722400A07E43 /* AppDelegate.swift */,
				DF638C1C2B28722400A07E43 /* SceneDelegate.swift */,
			);
			path = iOS;
			sourceTree = "<group>";
		};
		DF74EDDA2B2B68CA00414130 /* Resources */ = {
			isa = PBXGroup;
			children = (
				DF638C232B28722400A07E43 /* Goat_Weather.xcdatamodeld */,
				DF638C282B28722600A07E43 /* LaunchScreen.storyboard */,
				DF638C2B2B28722600A07E43 /* Info.plist */,
				DF638C262B28722600A07E43 /* Assets.xcassets */,
				DF638C202B28722400A07E43 /* Main.storyboard */,
			);
			path = Resources;
			sourceTree = "<group>";
		};
		DF74EDDB2B2B68DF00414130 /* WidgetBackground */ = {
			isa = PBXGroup;
			children = (
				DF74EDDC2B2B690B00414130 /* views */,
				DF638C1E2B28722400A07E43 /* WidgetBackgroundVC.swift */,
			);
			path = WidgetBackground;
			sourceTree = "<group>";
		};
		DF74EDDC2B2B690B00414130 /* views */ = {
			isa = PBXGroup;
			children = (
				DF9262712B287F3800879802 /* WidgetView.xib */,
				DF9262732B287F4500879802 /* WidgetView.swift */,
				DF74EDD52B2B59B400414130 /* WidgetCollectionViewCell.swift */,
				DF74EDD72B2B5AC300414130 /* CustomCollectionViewLayout.swift */,
			);
			path = views;
			sourceTree = "<group>";
		};
		DF74EDDD2B2B6CAE00414130 /* Services */ = {
			isa = PBXGroup;
			children = (
			);
			path = Services;
			sourceTree = "<group>";
		};
/* End PBXGroup section */

/* Begin PBXNativeTarget section */
		DF638C162B28722400A07E43 /* Goat-Weather */ = {
			isa = PBXNativeTarget;
			buildConfigurationList = DF638C2E2B28722600A07E43 /* Build configuration list for PBXNativeTarget "Goat-Weather" */;
			buildPhases = (
				DF638C132B28722400A07E43 /* Sources */,
				DF638C142B28722400A07E43 /* Frameworks */,
				DF638C152B28722400A07E43 /* Resources */,
			);
			buildRules = (
			);
			dependencies = (
			);
			name = "Goat-Weather";
			productName = "Goat-Weather";
			productReference = DF638C172B28722400A07E43 /* Goat-Weather.app */;
			productType = "com.apple.product-type.application";
		};
/* End PBXNativeTarget section */

/* Begin PBXProject section */
		DF638C0F2B28722400A07E43 /* Project object */ = {
			isa = PBXProject;
			attributes = {
				BuildIndependentTargetsInParallel = 1;
				LastSwiftUpdateCheck = 1500;
				LastUpgradeCheck = 1500;
				TargetAttributes = {
					DF638C162B28722400A07E43 = {
						CreatedOnToolsVersion = 15.0;
					};
				};
			};
			buildConfigurationList = DF638C122B28722400A07E43 /* Build configuration list for PBXProject "Goat-Weather" */;
			compatibilityVersion = "Xcode 14.0";
			developmentRegion = en;
			hasScannedForEncodings = 0;
			knownRegions = (
				en,
				Base,
			);
			mainGroup = DF638C0E2B28722400A07E43;
			productRefGroup = DF638C182B28722400A07E43 /* Products */;
			projectDirPath = "";
			projectRoot = "";
			targets = (
				DF638C162B28722400A07E43 /* Goat-Weather */,
			);
		};
/* End PBXProject section */

/* Begin PBXResourcesBuildPhase section */
		DF638C152B28722400A07E43 /* Resources */ = {
			isa = PBXResourcesBuildPhase;
			buildActionMask = 2147483647;
			files = (
				DF638C2A2B28722600A07E43 /* LaunchScreen.storyboard in Resources */,
				DF638C272B28722600A07E43 /* Assets.xcassets in Resources */,
				DF9262722B287F3800879802 /* WidgetView.xib in Resources */,
				DF638C222B28722400A07E43 /* Main.storyboard in Resources */,
			);
			runOnlyForDeploymentPostprocessing = 0;
		};
/* End PBXResourcesBuildPhase section */

/* Begin PBXSourcesBuildPhase section */
		DF638C132B28722400A07E43 /* Sources */ = {
			isa = PBXSourcesBuildPhase;
			buildActionMask = 2147483647;
			files = (
				DF638C1F2B28722400A07E43 /* WidgetBackgroundVC.swift in Sources */,
				DF74EDD82B2B5AC300414130 /* CustomCollectionViewLayout.swift in Sources */,
				DF74EDD62B2B59B400414130 /* WidgetCollectionViewCell.swift in Sources */,
				DF638C1B2B28722400A07E43 /* AppDelegate.swift in Sources */,
				DF9262742B287F4500879802 /* WidgetView.swift in Sources */,
				DF638C1D2B28722400A07E43 /* SceneDelegate.swift in Sources */,
				DF638C252B28722400A07E43 /* Goat_Weather.xcdatamodeld in Sources */,
			);
			runOnlyForDeploymentPostprocessing = 0;
		};
/* End PBXSourcesBuildPhase section */

/* Begin PBXVariantGroup section */
		DF638C202B28722400A07E43 /* Main.storyboard */ = {
			isa = PBXVariantGroup;
			children = (
				DF638C212B28722400A07E43 /* Base */,
			);
			name = Main.storyboard;
			sourceTree = "<group>";
		};
		DF638C282B28722600A07E43 /* LaunchScreen.storyboard */ = {
			isa = PBXVariantGroup;
			children = (
				DF638C292B28722600A07E43 /* Base */,
			);
			name = LaunchScreen.storyboard;
			sourceTree = "<group>";
		};
/* End PBXVariantGroup section */

/* Begin XCBuildConfiguration section */
		DF638C2C2B28722600A07E43 /* Debug */ = {
			isa = XCBuildConfiguration;
			buildSettings = {
				ALWAYS_SEARCH_USER_PATHS = NO;
				ASSETCATALOG_COMPILER_GENERATE_SWIFT_ASSET_SYMBOL_EXTENSIONS = YES;
				CLANG_ANALYZER_NONNULL = YES;
				CLANG_ANALYZER_NUMBER_OBJECT_CONVERSION = YES_AGGRESSIVE;
				CLANG_CXX_LANGUAGE_STANDARD = "gnu++20";
				CLANG_ENABLE_MODULES = YES;
				CLANG_ENABLE_OBJC_ARC = YES;
				CLANG_ENABLE_OBJC_WEAK = YES;
				CLANG_WARN_BLOCK_CAPTURE_AUTORELEASING = YES;
				CLANG_WARN_BOOL_CONVERSION = YES;
				CLANG_WARN_COMMA = YES;
				CLANG_WARN_CONSTANT_CONVERSION = YES;
				CLANG_WARN_DEPRECATED_OBJC_IMPLEMENTATIONS = YES;
				CLANG_WARN_DIRECT_OBJC_ISA_USAGE = YES_ERROR;
				CLANG_WARN_DOCUMENTATION_COMMENTS = YES;
				CLANG_WARN_EMPTY_BODY = YES;
				CLANG_WARN_ENUM_CONVERSION = YES;
				CLANG_WARN_INFINITE_RECURSION = YES;
				CLANG_WARN_INT_CONVERSION = YES;
				CLANG_WARN_NON_LITERAL_NULL_CONVERSION = YES;
				CLANG_WARN_OBJC_IMPLICIT_RETAIN_SELF = YES;
				CLANG_WARN_OBJC_LITERAL_CONVERSION = YES;
				CLANG_WARN_OBJC_ROOT_CLASS = YES_ERROR;
				CLANG_WARN_QUOTED_INCLUDE_IN_FRAMEWORK_HEADER = YES;
				CLANG_WARN_RANGE_LOOP_ANALYSIS = YES;
				CLANG_WARN_STRICT_PROTOTYPES = YES;
				CLANG_WARN_SUSPICIOUS_MOVE = YES;
				CLANG_WARN_UNGUARDED_AVAILABILITY = YES_AGGRESSIVE;
				CLANG_WARN_UNREACHABLE_CODE = YES;
				CLANG_WARN__DUPLICATE_METHOD_MATCH = YES;
				COPY_PHASE_STRIP = NO;
				DEBUG_INFORMATION_FORMAT = dwarf;
				ENABLE_STRICT_OBJC_MSGSEND = YES;
				ENABLE_TESTABILITY = YES;
				ENABLE_USER_SCRIPT_SANDBOXING = YES;
				GCC_C_LANGUAGE_STANDARD = gnu17;
				GCC_DYNAMIC_NO_PIC = NO;
				GCC_NO_COMMON_BLOCKS = YES;
				GCC_OPTIMIZATION_LEVEL = 0;
				GCC_PREPROCESSOR_DEFINITIONS = (
					"DEBUG=1",
					"$(inherited)",
				);
				GCC_WARN_64_TO_32_BIT_CONVERSION = YES;
				GCC_WARN_ABOUT_RETURN_TYPE = YES_ERROR;
				GCC_WARN_UNDECLARED_SELECTOR = YES;
				GCC_WARN_UNINITIALIZED_AUTOS = YES_AGGRESSIVE;
				GCC_WARN_UNUSED_FUNCTION = YES;
				GCC_WARN_UNUSED_VARIABLE = YES;
				IPHONEOS_DEPLOYMENT_TARGET = 17.0;
				LOCALIZATION_PREFERS_STRING_CATALOGS = YES;
				MTL_ENABLE_DEBUG_INFO = INCLUDE_SOURCE;
				MTL_FAST_MATH = YES;
				ONLY_ACTIVE_ARCH = YES;
				SDKROOT = iphoneos;
				SWIFT_ACTIVE_COMPILATION_CONDITIONS = "DEBUG $(inherited)";
				SWIFT_OPTIMIZATION_LEVEL = "-Onone";
			};
			name = Debug;
		};
		DF638C2D2B28722600A07E43 /* Release */ = {
			isa = XCBuildConfiguration;
			buildSettings = {
				ALWAYS_SEARCH_USER_PATHS = NO;
				ASSETCATALOG_COMPILER_GENERATE_SWIFT_ASSET_SYMBOL_EXTENSIONS = YES;
				CLANG_ANALYZER_NONNULL = YES;
				CLANG_ANALYZER_NUMBER_OBJECT_CONVERSION = YES_AGGRESSIVE;
				CLANG_CXX_LANGUAGE_STANDARD = "gnu++20";
				CLANG_ENABLE_MODULES = YES;
				CLANG_ENABLE_OBJC_ARC = YES;
				CLANG_ENABLE_OBJC_WEAK = YES;
				CLANG_WARN_BLOCK_CAPTURE_AUTORELEASING = YES;
				CLANG_WARN_BOOL_CONVERSION = YES;
				CLANG_WARN_COMMA = YES;
				CLANG_WARN_CONSTANT_CONVERSION = YES;
				CLANG_WARN_DEPRECATED_OBJC_IMPLEMENTATIONS = YES;
				CLANG_WARN_DIRECT_OBJC_ISA_USAGE = YES_ERROR;
				CLANG_WARN_DOCUMENTATION_COMMENTS = YES;
				CLANG_WARN_EMPTY_BODY = YES;
				CLANG_WARN_ENUM_CONVERSION = YES;
				CLANG_WARN_INFINITE_RECURSION = YES;
				CLANG_WARN_INT_CONVERSION = YES;
				CLANG_WARN_NON_LITERAL_NULL_CONVERSION = YES;
				CLANG_WARN_OBJC_IMPLICIT_RETAIN_SELF = YES;
				CLANG_WARN_OBJC_LITERAL_CONVERSION = YES;
				CLANG_WARN_OBJC_ROOT_CLASS = YES_ERROR;
				CLANG_WARN_QUOTED_INCLUDE_IN_FRAMEWORK_HEADER = YES;
				CLANG_WARN_RANGE_LOOP_ANALYSIS = YES;
				CLANG_WARN_STRICT_PROTOTYPES = YES;
				CLANG_WARN_SUSPICIOUS_MOVE = YES;
				CLANG_WARN_UNGUARDED_AVAILABILITY = YES_AGGRESSIVE;
				CLANG_WARN_UNREACHABLE_CODE = YES;
				CLANG_WARN__DUPLICATE_METHOD_MATCH = YES;
				COPY_PHASE_STRIP = NO;
				DEBUG_INFORMATION_FORMAT = "dwarf-with-dsym";
				ENABLE_NS_ASSERTIONS = NO;
				ENABLE_STRICT_OBJC_MSGSEND = YES;
				ENABLE_USER_SCRIPT_SANDBOXING = YES;
				GCC_C_LANGUAGE_STANDARD = gnu17;
				GCC_NO_COMMON_BLOCKS = YES;
				GCC_WARN_64_TO_32_BIT_CONVERSION = YES;
				GCC_WARN_ABOUT_RETURN_TYPE = YES_ERROR;
				GCC_WARN_UNDECLARED_SELECTOR = YES;
				GCC_WARN_UNINITIALIZED_AUTOS = YES_AGGRESSIVE;
				GCC_WARN_UNUSED_FUNCTION = YES;
				GCC_WARN_UNUSED_VARIABLE = YES;
				IPHONEOS_DEPLOYMENT_TARGET = 17.0;
				LOCALIZATION_PREFERS_STRING_CATALOGS = YES;
				MTL_ENABLE_DEBUG_INFO = NO;
				MTL_FAST_MATH = YES;
				SDKROOT = iphoneos;
				SWIFT_COMPILATION_MODE = wholemodule;
				VALIDATE_PRODUCT = YES;
			};
			name = Release;
		};
		DF638C2F2B28722600A07E43 /* Debug */ = {
			isa = XCBuildConfiguration;
			buildSettings = {
				ASSETCATALOG_COMPILER_APPICON_NAME = AppIcon;
				ASSETCATALOG_COMPILER_GLOBAL_ACCENT_COLOR_NAME = AccentColor;
				CODE_SIGN_STYLE = Automatic;
				CURRENT_PROJECT_VERSION = 1;
				GENERATE_INFOPLIST_FILE = YES;
				INFOPLIST_FILE = "Goat-Weather/Resources/Info.plist";
				INFOPLIST_KEY_LSApplicationCategoryType = "public.app-category.weather";
				INFOPLIST_KEY_UIApplicationSupportsIndirectInputEvents = YES;
				INFOPLIST_KEY_UILaunchStoryboardName = LaunchScreen;
				INFOPLIST_KEY_UIMainStoryboardFile = Main;
				INFOPLIST_KEY_UIStatusBarStyle = "";
				INFOPLIST_KEY_UISupportedInterfaceOrientations = UIInterfaceOrientationPortrait;
				INFOPLIST_KEY_UISupportedInterfaceOrientations_iPad = "UIInterfaceOrientationPortrait UIInterfaceOrientationPortraitUpsideDown";
				IPHONEOS_DEPLOYMENT_TARGET = 13.0;
				LD_RUNPATH_SEARCH_PATHS = (
					"$(inherited)",
					"@executable_path/Frameworks",
				);
				MARKETING_VERSION = 1.0;
				PRODUCT_BUNDLE_IDENTIFIER = "yefga.Goat-Weather";
				PRODUCT_NAME = "$(TARGET_NAME)";
				SWIFT_EMIT_LOC_STRINGS = YES;
				SWIFT_VERSION = 4.0;
				TARGETED_DEVICE_FAMILY = "1,2";
			};
			name = Debug;
		};
		DF638C302B28722600A07E43 /* Release */ = {
			isa = XCBuildConfiguration;
			buildSettings = {
				ASSETCATALOG_COMPILER_APPICON_NAME = AppIcon;
				ASSETCATALOG_COMPILER_GLOBAL_ACCENT_COLOR_NAME = AccentColor;
				CODE_SIGN_STYLE = Automatic;
				CURRENT_PROJECT_VERSION = 1;
				GENERATE_INFOPLIST_FILE = YES;
				INFOPLIST_FILE = "Goat-Weather/Resources/Info.plist";
				INFOPLIST_KEY_LSApplicationCategoryType = "public.app-category.weather";
				INFOPLIST_KEY_UIApplicationSupportsIndirectInputEvents = YES;
				INFOPLIST_KEY_UILaunchStoryboardName = LaunchScreen;
				INFOPLIST_KEY_UIMainStoryboardFile = Main;
				INFOPLIST_KEY_UIStatusBarStyle = "";
				INFOPLIST_KEY_UISupportedInterfaceOrientations = UIInterfaceOrientationPortrait;
				INFOPLIST_KEY_UISupportedInterfaceOrientations_iPad = "UIInterfaceOrientationPortrait UIInterfaceOrientationPortraitUpsideDown";
				IPHONEOS_DEPLOYMENT_TARGET = 13.0;
				LD_RUNPATH_SEARCH_PATHS = (
					"$(inherited)",
					"@executable_path/Frameworks",
				);
				MARKETING_VERSION = 1.0;
				PRODUCT_BUNDLE_IDENTIFIER = "yefga.Goat-Weather";
				PRODUCT_NAME = "$(TARGET_NAME)";
				SWIFT_EMIT_LOC_STRINGS = YES;
				SWIFT_VERSION = 4.0;
				TARGETED_DEVICE_FAMILY = "1,2";
			};
			name = Release;
		};
/* End XCBuildConfiguration section */

/* Begin XCConfigurationList section */
		DF638C122B28722400A07E43 /* Build configuration list for PBXProject "Goat-Weather" */ = {
			isa = XCConfigurationList;
			buildConfigurations = (
				DF638C2C2B28722600A07E43 /* Debug */,
				DF638C2D2B28722600A07E43 /* Release */,
			);
			defaultConfigurationIsVisible = 0;
			defaultConfigurationName = Release;
		};
		DF638C2E2B28722600A07E43 /* Build configuration list for PBXNativeTarget "Goat-Weather" */ = {
			isa = XCConfigurationList;
			buildConfigurations = (
				DF638C2F2B28722600A07E43 /* Debug */,
				DF638C302B28722600A07E43 /* Release */,
			);
			defaultConfigurationIsVisible = 0;
			defaultConfigurationName = Release;
		};
/* End XCConfigurationList section */

/* Begin XCVersionGroup section */
		DF638C232B28722400A07E43 /* Goat_Weather.xcdatamodeld */ = {
			isa = XCVersionGroup;
			children = (
				DF638C242B28722400A07E43 /* Goat_Weather.xcdatamodel */,
			);
			currentVersion = DF638C242B28722400A07E43 /* Goat_Weather.xcdatamodel */;
			path = Goat_Weather.xcdatamodeld;
			sourceTree = "<group>";
			versionGroupType = wrapper.xcdatamodel;
		};
/* End XCVersionGroup section */
	};
	rootObject = DF638C0F2B28722400A07E43 /* Project object */;
}
